
Microsoft Visual Studio Solution File, Format Version 12.00
# Visual Studio Version 16
VisualStudioVersion = 16.0.30225.117
MinimumVisualStudioVersion = 10.0.40219.1
Project("{FAE04EC0-301F-11D3-BF4B-00C04F79EFBC}") = "CS Simple Factory", "CS Simple Factory.csproj", "{8E2F5FB9-F96D-409B-BB52-8C0D3A64E8E9}"
EndProject
Project("{FAE04EC0-301F-11D3-BF4B-00C04F79EFBC}") = "BLL", "..\BLL\BLL.csproj", "{35211F8E-D971-4CF6-A858-D36CCDE493C9}"
EndProject
Project("{FAE04EC0-301F-11D3-BF4B-00C04F79EFBC}") = "DAL", "..\DAL\DAL.csproj", "{8DC2C52F-83B3-4C80-9A5E-8401006634AA}"
EndProject
Project("{FAE04EC0-301F-11D3-BF4B-00C04F79EFBC}") = "Domain", "..\Domain\Domain.csproj", "{548303C6-D693-44B1-AC2D-463310A2E00B}"
EndProject
Project("{FAE04EC0-301F-11D3-BF4B-00C04F79EFBC}") = "SL", "..\SL\SL.csproj", "{872A57A3-46CE-4C59-81A6-D94996402CB4}"
EndProject
Global
	GlobalSection(SolutionConfigurationPlatforms) = preSolution
		Debug|Any CPU = Debug|Any CPU
		Release|Any CPU = Release|Any CPU
	EndGlobalSection
	GlobalSection(ProjectConfigurationPlatforms) = postSolution
		{8E2F5FB9-F96D-409B-BB52-8C0D3A64E8E9}.Debug|Any CPU.ActiveCfg = Debug|Any CPU
		{8E2F5FB9-F96D-409B-BB52-8C0D3A64E8E9}.Debug|Any CPU.Build.0 = Debug|Any CPU
		{8E2F5FB9-F96D-409B-BB52-8C0D3A64E8E9}.Release|Any CPU.ActiveCfg = Release|Any CPU
		{8E2F5FB9-F96D-409B-BB52-8C0D3A64E8E9}.Release|Any CPU.Build.0 = Release|Any CPU
		{35211F8E-D971-4CF6-A858-D36CCDE493C9}.Debug|Any CPU.ActiveCfg = Debug|Any CPU
		{35211F8E-D971-4CF6-A858-D36CCDE493C9}.Debug|Any CPU.Build.0 = Debug|Any CPU
		{35211F8E-D971-4CF6-A858-D36CCDE493C9}.Release|Any CPU.ActiveCfg = Release|Any CPU
		{35211F8E-D971-4CF6-A858-D36CCDE493C9}.Release|Any CPU.Build.0 = Release|Any CPU
		{8DC2C52F-83B3-4C80-9A5E-8401006634AA}.Debug|Any CPU.ActiveCfg = Debug|Any CPU
		{8DC2C52F-83B3-4C80-9A5E-8401006634AA}.Debug|Any CPU.Build.0 = Debug|Any CPU
		{8DC2C52F-83B3-4C80-9A5E-8401006634AA}.Release|Any CPU.ActiveCfg = Release|Any CPU
		{8DC2C52F-83B3-4C80-9A5E-8401006634AA}.Release|Any CPU.Build.0 = Release|Any CPU
		{548303C6-D693-44B1-AC2D-463310A2E00B}.Debug|Any CPU.ActiveCfg = Debug|Any CPU
		{548303C6-D693-44B1-AC2D-463310A2E00B}.Debug|Any CPU.Build.0 = Debug|Any CPU
		{548303C6-D693-44B1-AC2D-463310A2E00B}.Release|Any CPU.ActiveCfg = Release|Any CPU
		{548303C6-D693-44B1-AC2D-463310A2E00B}.Release|Any CPU.Build.0 = Release|Any CPU
		{872A57A3-46CE-4C59-81A6-D94996402CB4}.Debug|Any CPU.ActiveCfg = Debug|Any CPU
		{872A57A3-46CE-4C59-81A6-D94996402CB4}.Debug|Any CPU.Build.0 = Debug|Any CPU
		{872A57A3-46CE-4C59-81A6-D94996402CB4}.Release|Any CPU.ActiveCfg = Release|Any CPU
		{872A57A3-46CE-4C59-81A6-D94996402CB4}.Release|Any CPU.Build.0 = Release|Any CPU
	EndGlobalSection
	GlobalSection(SolutionProperties) = preSolution
		HideSolutionNode = FALSE
	EndGlobalSection
	GlobalSection(ExtensibilityGlobals) = postSolution
		SolutionGuid = {AB791110-8024-4540-8E10-96581AB4FBCE}
	EndGlobalSection
EndGlobal
